
Microsoft Visual Studio Solution File, Format Version 12.00
# Visual Studio Version 16
VisualStudioVersion = 16.0.29215.179
MinimumVisualStudioVersion = 10.0.40219.1
Project("{8BC9CEB8-8B4A-11D0-8D11-00A0C91BC942}") = "SFML_OOP_VECTOR_SPRITE", "SFML_OOP_VECTOR_SPRITE\SFML_OOP_VECTOR_SPRITE.vcxproj", "{0A563EC0-26D4-404E-8A2C-B7DB644257C4}"
EndProject
Global
	GlobalSection(SolutionConfigurationPlatforms) = preSolution
		Debug|x64 = Debug|x64
		Debug|x86 = Debug|x86
		Release|x64 = Release|x64
		Release|x86 = Release|x86
	EndGlobalSection
	GlobalSection(ProjectConfigurationPlatforms) = postSolution
		{0A563EC0-26D4-404E-8A2C-B7DB644257C4}.Debug|x64.ActiveCfg = Debug|x64
		{0A563EC0-26D4-404E-8A2C-B7DB644257C4}.Debug|x64.Build.0 = Debug|x64
		{0A563EC0-26D4-404E-8A2C-B7DB644257C4}.Debug|x86.ActiveCfg = Debug|Win32
		{0A563EC0-26D4-404E-8A2C-B7DB644257C4}.Debug|x86.Build.0 = Debug|Win32
		{0A563EC0-26D4-404E-8A2C-B7DB644257C4}.Release|x64.ActiveCfg = Release|x64
		{0A563EC0-26D4-404E-8A2C-B7DB644257C4}.Release|x64.Build.0 = Release|x64
		{0A563EC0-26D4-404E-8A2C-B7DB644257C4}.Release|x86.ActiveCfg = Release|Win32
		{0A563EC0-26D4-404E-8A2C-B7DB644257C4}.Release|x86.Build.0 = Release|Win32
	EndGlobalSection
	GlobalSection(SolutionProperties) = preSolution
		HideSolutionNode = FALSE
	EndGlobalSection
	GlobalSection(ExtensibilityGlobals) = postSolution
		SolutionGuid = {55AB8B41-21BF-419B-94F1-898C34A75F49}
	EndGlobalSection
EndGlobal
